
Microsoft Visual Studio Solution File, Format Version 12.00
# Visual Studio Version 17
VisualStudioVersion = 17.14.36212.18 d17.14
MinimumVisualStudioVersion = 10.0.40219.1
Project("{FAE04EC0-301F-11D3-BF4B-00C04F79EFBC}") = "Nyomozo", "Nyomozo\Nyomozo.csproj", "{40A5B14A-E3AA-416F-B161-417EBC9D5F8A}"
EndProject
Global
	GlobalSection(SolutionConfigurationPlatforms) = preSolution
		Debug|Any CPU = Debug|Any CPU
		Release|Any CPU = Release|Any CPU
	EndGlobalSection
	GlobalSection(ProjectConfigurationPlatforms) = postSolution
		{40A5B14A-E3AA-416F-B161-417EBC9D5F8A}.Debug|Any CPU.ActiveCfg = Debug|Any CPU
		{40A5B14A-E3AA-416F-B161-417EBC9D5F8A}.Debug|Any CPU.Build.0 = Debug|Any CPU
		{40A5B14A-E3AA-416F-B161-417EBC9D5F8A}.Release|Any CPU.ActiveCfg = Release|Any CPU
		{40A5B14A-E3AA-416F-B161-417EBC9D5F8A}.Release|Any CPU.Build.0 = Release|Any CPU
	EndGlobalSection
	GlobalSection(SolutionProperties) = preSolution
		HideSolutionNode = FALSE
	EndGlobalSection
	GlobalSection(ExtensibilityGlobals) = postSolution
		SolutionGuid = {A9169A17-62E8-48FA-B9A5-6CB25CFA8181}
	EndGlobalSection
EndGlobal
